
Microsoft Visual Studio Solution File, Format Version 11.00
# Visual Studio 2010
Project("{FAE04EC0-301F-11D3-BF4B-00C04F79EFBC}") = "quizgame", "quizgame\quizgame.csproj", "{1C3A1F68-1B30-433B-9D1B-8D7FFCD4D4B4}"
EndProject
Global
	GlobalSection(SolutionConfigurationPlatforms) = preSolution
		Debug|x86 = Debug|x86
		Release|x86 = Release|x86
	EndGlobalSection
	GlobalSection(ProjectConfigurationPlatforms) = postSolution
		{1C3A1F68-1B30-433B-9D1B-8D7FFCD4D4B4}.Debug|x86.ActiveCfg = Debug|x86
		{1C3A1F68-1B30-433B-9D1B-8D7FFCD4D4B4}.Debug|x86.Build.0 = Debug|x86
		{1C3A1F68-1B30-433B-9D1B-8D7FFCD4D4B4}.Release|x86.ActiveCfg = Release|x86
		{1C3A1F68-1B30-433B-9D1B-8D7FFCD4D4B4}.Release|x86.Build.0 = Release|x86
	EndGlobalSection
	GlobalSection(SolutionProperties) = preSolution
		HideSolutionNode = FALSE
	EndGlobalSection
EndGlobal
